{
    "_readme": [
        "This file locks the dependencies of your project to a known state",
        "Read more about it at http://getcomposer.org/doc/01-basic-usage.md#composer-lock-the-lock-file"
    ],
    "hash": "77610c8526db8fa30f6b5f06c615e2c1",
    "packages": [
        {
            "name": "kadet/utils",
            "version": "dev-master",
            "source": {
                "type": "git",
                "url": "https://github.com/kadet1090/Utils.git",
                "reference": "f646b791ec514e939b6540b1678c6370c807222a"
            },
            "dist": {
                "type": "zip",
                "url": "https://api.github.com/repos/kadet1090/Utils/zipball/f646b791ec514e939b6540b1678c6370c807222a",
                "reference": "f646b791ec514e939b6540b1678c6370c807222a",
                "shasum": ""
            },
            "require": {
                "php": ">=5.4.0"
            },
            "type": "library",
            "autoload": {
                "psr-4": {
                    "Kadet\\Utils\\": "."
                }
            },
            "notification-url": "https://packagist.org/downloads/",
            "license": [
                "GPLv3"
            ],
            "authors": [
                {
                    "name": "Kacper \"Kadet\" Donat",
                    "email": "kadet1090@gmail.com",
                    "homepage": "http://kadet.pipe-software.xaa.pl",
                    "role": "Developer"
                }
            ],
            "description": "Some utilities like Events, Properties, Timer for PHP (especially CLI)",
            "homepage": "https://github.com/kadet1090/Utils",
            "keywords": [
                "event",
                "properties",
                "timer",
                "utilities",
                "utils"
            ],
            "time": "2014-04-19 23:52:16"
        },
        {
            "name": "kadet/xml-serializer",
            "version": "dev-master",
            "source": {
                "type": "git",
                "url": "https://github.com/kadet1090/XmlSerializer.git",
                "reference": "f29158c843c989d0785187e4a80ef2516f4f47d6"
            },
            "dist": {
                "type": "zip",
                "url": "https://api.github.com/repos/kadet1090/XmlSerializer/zipball/f29158c843c989d0785187e4a80ef2516f4f47d6",
                "reference": "f29158c843c989d0785187e4a80ef2516f4f47d6",
                "shasum": ""
            },
            "require": {
                "php": ">=5.3.0"
            },
            "type": "library",
            "autoload": {
                "psr-4": {
                    "Kadet\\XmlSerializer\\": "."
                }
            },
            "notification-url": "https://packagist.org/downloads/",
            "license": [
                "CC BY-NA"
            ],
            "authors": [
                {
                    "name": "Kacper \"Kadet\" Donat",
                    "email": "kadet1090@gmail.com",
                    "homepage": "http://kadet.pipe-software.xaa.pl",
                    "role": "Developer"
                }
            ],
            "description": "PHP Xml Serializer, with annotation support.",
            "homepage": "https://github.com/kadet1090/XmlSerializer",
            "keywords": [
                "annotations",
                "serialization",
                "xml"
            ],
            "time": "2014-04-20 00:02:52"
        },
        {
            "name": "kadet/xmpp",
            "version": "dev-master",
            "source": {
                "type": "git",
                "url": "https://github.com/kadet1090/Xmpp.git",
                "reference": "4309714589b0fab6f9eaf524ee141242ff8edac9"
            },
            "dist": {
                "type": "zip",
                "url": "https://api.github.com/repos/kadet1090/Xmpp/zipball/4309714589b0fab6f9eaf524ee141242ff8edac9",
                "reference": "4309714589b0fab6f9eaf524ee141242ff8edac9",
                "shasum": ""
            },
            "require": {
                "kadet/utils": "*",
                "php": ">=5.4.0"
            },
            "type": "library",
            "autoload": {
                "psr-4": {
                    "Kadet\\Xmpp\\": "."
                }
            },
            "notification-url": "https://packagist.org/downloads/",
            "license": [
                "GPLv3"
            ],
            "authors": [
                {
                    "name": "Kacper \"Kadet\" Donat",
                    "email": "kadet1090@gmail.com",
                    "homepage": "http://kadet.pipe-software.xaa.pl",
                    "role": "Developer"
                }
            ],
            "description": "Asynchronous, Non-Blocking, Event Driven Xmpp Library, which utilizes php 5.4 features.",
            "homepage": "https://github.com/kadet1090/Xmpp",
            "keywords": [
                "asynchronous",
                "jabber",
                "muc",
                "non-blocking",
                "xmpp"
            ],
            "time": "2014-04-19 23:50:34"
        },
        {
            "name": "psr/log",
            "version": "1.0.0",
            "source": {
                "type": "git",
                "url": "https://github.com/php-fig/log.git",
                "reference": "fe0936ee26643249e916849d48e3a51d5f5e278b"
            },
            "dist": {
                "type": "zip",
                "url": "https://api.github.com/repos/php-fig/log/zipball/fe0936ee26643249e916849d48e3a51d5f5e278b",
                "reference": "fe0936ee26643249e916849d48e3a51d5f5e278b",
                "shasum": ""
            },
            "type": "library",
            "autoload": {
                "psr-0": {
                    "Psr\\Log\\": ""
                }
            },
            "notification-url": "https://packagist.org/downloads/",
            "license": [
                "MIT"
            ],
            "authors": [
                {
                    "name": "PHP-FIG",
                    "homepage": "http://www.php-fig.org/"
                }
            ],
            "description": "Common interface for logging libraries",
            "keywords": [
                "log",
                "psr",
                "psr-3"
            ],
            "time": "2012-12-21 11:40:51"
        }
    ],
    "packages-dev": [

    ],
    "aliases": [

    ],
    "minimum-stability": "stable",
    "stability-flags": {
        "kadet/xmpp": 20,
        "kadet/utils": 20,
        "kadet/xml-serializer": 20
    },
    "platform": [

    ],
    "platform-dev": [

    ]
}
